
Microsoft Visual Studio Solution File, Format Version 12.00
# Visual Studio Version 17
VisualStudioVersion = 17.6.33801.468
MinimumVisualStudioVersion = 10.0.40219.1
Project("{FAE04EC0-301F-11D3-BF4B-00C04F79EFBC}") = "ExampleFunctionApp", "ExampleFunctionApp\ExampleFunctionApp.csproj", "{96D2E501-AEAC-4274-BDED-41E15426DDED}"
EndProject
Global
	GlobalSection(SolutionConfigurationPlatforms) = preSolution
		Debug|Any CPU = Debug|Any CPU
		Release|Any CPU = Release|Any CPU
	EndGlobalSection
	GlobalSection(ProjectConfigurationPlatforms) = postSolution
		{96D2E501-AEAC-4274-BDED-41E15426DDED}.Debug|Any CPU.ActiveCfg = Debug|Any CPU
		{96D2E501-AEAC-4274-BDED-41E15426DDED}.Debug|Any CPU.Build.0 = Debug|Any CPU
		{96D2E501-AEAC-4274-BDED-41E15426DDED}.Release|Any CPU.ActiveCfg = Release|Any CPU
		{96D2E501-AEAC-4274-BDED-41E15426DDED}.Release|Any CPU.Build.0 = Release|Any CPU
	EndGlobalSection
	GlobalSection(SolutionProperties) = preSolution
		HideSolutionNode = FALSE
	EndGlobalSection
	GlobalSection(ExtensibilityGlobals) = postSolution
		SolutionGuid = {A58B1C52-AE2E-415E-8C29-086593326274}
	EndGlobalSection
EndGlobal
