
Microsoft Visual Studio Solution File, Format Version 12.00
# Visual Studio Version 17
VisualStudioVersion = 17.0.32112.339
MinimumVisualStudioVersion = 10.0.40219.1
Project("{9A19103F-16F7-4668-BE54-9A1E7A4F7556}") = "ONETUG-example", "ONETUG-example.csproj", "{9E64144B-CD0D-4C92-9C0D-BACD5EA18F5D}"
EndProject
Global
	GlobalSection(SolutionConfigurationPlatforms) = preSolution
		Debug|Any CPU = Debug|Any CPU
		Release|Any CPU = Release|Any CPU
	EndGlobalSection
	GlobalSection(ProjectConfigurationPlatforms) = postSolution
		{9E64144B-CD0D-4C92-9C0D-BACD5EA18F5D}.Debug|Any CPU.ActiveCfg = Debug|Any CPU
		{9E64144B-CD0D-4C92-9C0D-BACD5EA18F5D}.Debug|Any CPU.Build.0 = Debug|Any CPU
		{9E64144B-CD0D-4C92-9C0D-BACD5EA18F5D}.Release|Any CPU.ActiveCfg = Release|Any CPU
		{9E64144B-CD0D-4C92-9C0D-BACD5EA18F5D}.Release|Any CPU.Build.0 = Release|Any CPU
	EndGlobalSection
	GlobalSection(SolutionProperties) = preSolution
		HideSolutionNode = FALSE
	EndGlobalSection
	GlobalSection(ExtensibilityGlobals) = postSolution
		SolutionGuid = {81B65A82-CF75-4F80-8113-32BEC00C9405}
	EndGlobalSection
EndGlobal
